<?xml version="1.0" encoding="UTF-8" standalone="yes" ?>
<CodeBlocks_project_file>
	<FileVersion major="1" minor="6" />
	<Project>
		<Option title="ALCHA" />
		<Option pch_mode="2" />
		<Option compiler="gcc" />
		<Build>
			<Target title="Release">
				<Option output="bin/ALCHA" prefix_auto="1" extension_auto="1" />
				<Option working_dir="bin/" />
				<Option object_output="obj/" />
				<Option type="1" />
				<Option compiler="gcc" />
				<Compiler>
					<Add option="-O2" />
				</Compiler>
				<Linker>
					<Add option="-s" />
				</Linker>
			</Target>
		</Build>
		<Compiler>
			<Add option="-Wall" />
			<Add option="-fexceptions" />
			<Add directory="Global" />
			<Add directory="Tools" />
			<Add directory="FrontEnd" />
			<Add directory="BackEnd" />
			<Add directory="DataStructures" />
			<Add directory="DataStructures/AST" />
			<Add directory="DataStructures/SymbolTable" />
			<Add directory="Libraries/include" />
		</Compiler>
		<Linker>
			<Add library="fftw3" />
			<Add library="mpfr" />
			<Add library="gmp" />
			<Add directory="Libraries/lib" />
		</Linker>
		<Unit filename="BackEnd/Altera.cpp" />
		<Unit filename="BackEnd/Altera.h" />
		<Unit filename="BackEnd/ClockTree.cpp" />
		<Unit filename="BackEnd/ClockTree.h" />
		<Unit filename="BackEnd/HDL.cpp" />
		<Unit filename="BackEnd/HDL.h" />
		<Unit filename="BackEnd/MemoryTable.cpp" />
		<Unit filename="BackEnd/MemoryTable.h" />
		<Unit filename="BackEnd/TimingSpec.cpp" />
		<Unit filename="BackEnd/TimingSpec.h" />
		<Unit filename="DataStructures/AST/AST.cpp" />
		<Unit filename="DataStructures/AST/AST.h" />
		<Unit filename="DataStructures/AST/AST_Assignment.cpp" />
		<Unit filename="DataStructures/AST/AST_Assignment.h" />
		<Unit filename="DataStructures/AST/AST_ClassDefinition.cpp" />
		<Unit filename="DataStructures/AST/AST_ClassDefinition.h" />
		<Unit filename="DataStructures/AST/AST_Definition.cpp" />
		<Unit filename="DataStructures/AST/AST_Definition.h" />
		<Unit filename="DataStructures/AST/AST_EnumDefinition.cpp" />
		<Unit filename="DataStructures/AST/AST_EnumDefinition.h" />
		<Unit filename="DataStructures/AST/AST_Expression.cpp" />
		<Unit filename="DataStructures/AST/AST_Expression.h" />
		<Unit filename="DataStructures/AST/AST_FSM.cpp" />
		<Unit filename="DataStructures/AST/AST_FSM.h" />
		<Unit filename="DataStructures/AST/AST_Fence.cpp" />
		<Unit filename="DataStructures/AST/AST_Fence.h" />
		<Unit filename="DataStructures/AST/AST_ForLoop.cpp" />
		<Unit filename="DataStructures/AST/AST_ForLoop.h" />
		<Unit filename="DataStructures/AST/AST_Group.cpp" />
		<Unit filename="DataStructures/AST/AST_Group.h" />
		<Unit filename="DataStructures/AST/AST_HDL.cpp" />
		<Unit filename="DataStructures/AST/AST_HDL.h" />
		<Unit filename="DataStructures/AST/AST_IfStatement.cpp" />
		<Unit filename="DataStructures/AST/AST_IfStatement.h" />
		<Unit filename="DataStructures/AST/AST_Import.cpp" />
		<Unit filename="DataStructures/AST/AST_Import.h" />
		<Unit filename="DataStructures/AST/AST_Jump.cpp" />
		<Unit filename="DataStructures/AST/AST_Jump.h" />
		<Unit filename="DataStructures/AST/AST_LoopLoop.cpp" />
		<Unit filename="DataStructures/AST/AST_LoopLoop.h" />
		<Unit filename="DataStructures/AST/AST_NamespacePush.cpp" />
		<Unit filename="DataStructures/AST/AST_NamespacePush.h" />
		<Unit filename="DataStructures/AST/AST_Parameter.cpp" />
		<Unit filename="DataStructures/AST/AST_Parameter.h" />
		<Unit filename="DataStructures/AST/AST_RTL.cpp" />
		<Unit filename="DataStructures/AST/AST_RTL.h" />
		<Unit filename="DataStructures/AST/AST_Switch.cpp" />
		<Unit filename="DataStructures/AST/AST_Switch.h" />
		<Unit filename="DataStructures/AST/AST_TargetDefinition.cpp" />
		<Unit filename="DataStructures/AST/AST_TargetDefinition.h" />
		<Unit filename="DataStructures/AST/AST_WhileLoop.cpp" />
		<Unit filename="DataStructures/AST/AST_WhileLoop.h" />
		<Unit filename="DataStructures/Dictionary.cpp" />
		<Unit filename="DataStructures/Dictionary.h" />
		<Unit filename="DataStructures/IdentifierTree.cpp" />
		<Unit filename="DataStructures/IdentifierTree.h" />
		<Unit filename="DataStructures/SymbolTable/Clock.cpp" />
		<Unit filename="DataStructures/SymbolTable/Clock.h" />
		<Unit filename="DataStructures/SymbolTable/Object.cpp" />
		<Unit filename="DataStructures/SymbolTable/Object.h" />
		<Unit filename="DataStructures/SymbolTable/Pin.cpp" />
		<Unit filename="DataStructures/SymbolTable/Pin.h" />
		<Unit filename="DataStructures/SymbolTable/Scope.cpp" />
		<Unit filename="DataStructures/SymbolTable/Scope.h" />
		<Unit filename="DataStructures/SymbolTable/Signal.cpp" />
		<Unit filename="DataStructures/SymbolTable/Signal.h" />
		<Unit filename="DataStructures/SymbolTable/SymbolTree.cpp" />
		<Unit filename="DataStructures/SymbolTable/SymbolTree.h" />
		<Unit filename="DataStructures/SymbolTable/Target.cpp" />
		<Unit filename="DataStructures/SymbolTable/Target.h" />
		<Unit filename="FrontEnd/CharacterNames.h" />
		<Unit filename="FrontEnd/Parser.cpp" />
		<Unit filename="FrontEnd/Parser.h" />
		<Unit filename="FrontEnd/Scanner.cpp" />
		<Unit filename="FrontEnd/Scanner.h" />
		<Unit filename="FrontEnd/Token.cpp" />
		<Unit filename="FrontEnd/Token.h" />
		<Unit filename="FrontEnd/TokenTree.cpp" />
		<Unit filename="FrontEnd/TokenTree.h" />
		<Unit filename="Global/Global.h" />
		<Unit filename="Global/OS_Header.h" />
		<Unit filename="Resources/resource.rc">
			<Option compilerVar="WINDRES" />
		</Unit>
		<Unit filename="Tools/FileSystem.cpp" />
		<Unit filename="Tools/FileSystem.h" />
		<Unit filename="Tools/MyString.cpp" />
		<Unit filename="Tools/MyString.h" />
		<Unit filename="Tools/Number.cpp" />
		<Unit filename="Tools/Number.h" />
		<Unit filename="main.cpp" />
		<Unit filename="main.h" />
		<Extensions>
			<code_completion />
			<envvars />
			<debugger />
			<lib_finder disable_auto="1" />
		</Extensions>
	</Project>
</CodeBlocks_project_file>
