<?xml version="1.0" encoding="UTF-8" standalone="yes" ?>
<CodeBlocks_project_file>
	<FileVersion major="1" minor="6" />
	<Project>
		<Option title="ALCHA" />
		<Option pch_mode="2" />
		<Option compiler="gcc" />
		<Build>
			<Target title="Release">
				<Option output="bin/ALCHA" prefix_auto="1" extension_auto="1" />
				<Option working_dir="bin/" />
				<Option object_output="obj/" />
				<Option type="1" />
				<Option compiler="gcc" />
				<Compiler>
					<Add option="-O2" />
				</Compiler>
				<Linker>
					<Add option="-s" />
				</Linker>
			</Target>
		</Build>
		<Compiler>
			<Add option="-Wall" />
			<Add option="-fexceptions" />
			<Add directory="../Common" />
			<Add directory="../Common/Tools" />
			<Add directory="FrontEnd" />
			<Add directory="BackEnd" />
			<Add directory="Objects" />
			<Add directory="Libraries/include" />
		</Compiler>
		<Linker>
			<Add library="fftw3" />
			<Add library="mpfr" />
			<Add library="gmp" />
			<Add directory="Libraries/lib" />
		</Linker>
		<Unit filename="../Common/OS_Header.h" />
		<Unit filename="../Common/Resources/resource.rc">
			<Option compilerVar="WINDRES" />
		</Unit>
		<Unit filename="../Common/Tools/FileSystem.cpp" />
		<Unit filename="../Common/Tools/FileSystem.h" />
		<Unit filename="../Common/Tools/MyString.cpp" />
		<Unit filename="../Common/Tools/MyString.h" />
		<Unit filename="../Common/Tools/Number.cpp" />
		<Unit filename="../Common/Tools/Number.h" />
		<Unit filename="../Common/Tools/Tree.cpp" />
		<Unit filename="../Common/Tools/Tree.h" />
		<Unit filename="BackEnd/Altera.cpp" />
		<Unit filename="BackEnd/Altera.h" />
		<Unit filename="FrontEnd/Keywords.cpp" />
		<Unit filename="FrontEnd/Keywords.h" />
		<Unit filename="FrontEnd/Operators.cpp" />
		<Unit filename="FrontEnd/Operators.h" />
		<Unit filename="FrontEnd/Parser.cpp" />
		<Unit filename="FrontEnd/Parser.h" />
		<Unit filename="FrontEnd/PreProcessor.cpp" />
		<Unit filename="FrontEnd/PreProcessor.h" />
		<Unit filename="FrontEnd/Scanner.cpp" />
		<Unit filename="FrontEnd/Scanner.h" />
		<Unit filename="Objects/Object.cpp" />
		<Unit filename="Objects/Object.h" />
		<Unit filename="Objects/Pin.cpp" />
		<Unit filename="Objects/Pin.h" />
		<Unit filename="Objects/Target.cpp" />
		<Unit filename="Objects/Target.h" />
		<Unit filename="main.cpp" />
		<Unit filename="main.h" />
		<Extensions>
			<code_completion />
			<envvars />
			<debugger />
			<lib_finder disable_auto="1" />
		</Extensions>
	</Project>
</CodeBlocks_project_file>
